
Microsoft Visual Studio Solution File, Format Version 12.00
# Visual Studio 15
VisualStudioVersion = 15.0.27130.2027
MinimumVisualStudioVersion = 10.0.40219.1
Project("{FAE04EC0-301F-11D3-BF4B-00C04F79EFBC}") = "Ghoul", "Ghoul\Ghoul.csproj", "{ADB3268D-4A42-4C79-8187-E98DF459E0A0}"
EndProject
Project("{FAE04EC0-301F-11D3-BF4B-00C04F79EFBC}") = "Ghoul.Tests", "Ghoul.Tests\Ghoul.Tests.csproj", "{2A272590-4DED-4D4C-A2FA-46123A5A3679}"
EndProject
Project("{FAE04EC0-301F-11D3-BF4B-00C04F79EFBC}") = "Discovery", "Discovery\Discovery.csproj", "{03231E79-6E74-48EC-86A8-8B4AF303CD59}"
EndProject
Global
	GlobalSection(SolutionConfigurationPlatforms) = preSolution
		Debug|Any CPU = Debug|Any CPU
		Release|Any CPU = Release|Any CPU
	EndGlobalSection
	GlobalSection(ProjectConfigurationPlatforms) = postSolution
		{ADB3268D-4A42-4C79-8187-E98DF459E0A0}.Debug|Any CPU.ActiveCfg = Debug|Any CPU
		{ADB3268D-4A42-4C79-8187-E98DF459E0A0}.Debug|Any CPU.Build.0 = Debug|Any CPU
		{ADB3268D-4A42-4C79-8187-E98DF459E0A0}.Release|Any CPU.ActiveCfg = Release|Any CPU
		{ADB3268D-4A42-4C79-8187-E98DF459E0A0}.Release|Any CPU.Build.0 = Release|Any CPU
		{2A272590-4DED-4D4C-A2FA-46123A5A3679}.Debug|Any CPU.ActiveCfg = Debug|Any CPU
		{2A272590-4DED-4D4C-A2FA-46123A5A3679}.Debug|Any CPU.Build.0 = Debug|Any CPU
		{2A272590-4DED-4D4C-A2FA-46123A5A3679}.Release|Any CPU.ActiveCfg = Release|Any CPU
		{2A272590-4DED-4D4C-A2FA-46123A5A3679}.Release|Any CPU.Build.0 = Release|Any CPU
		{03231E79-6E74-48EC-86A8-8B4AF303CD59}.Debug|Any CPU.ActiveCfg = Debug|Any CPU
		{03231E79-6E74-48EC-86A8-8B4AF303CD59}.Debug|Any CPU.Build.0 = Debug|Any CPU
		{03231E79-6E74-48EC-86A8-8B4AF303CD59}.Release|Any CPU.ActiveCfg = Release|Any CPU
		{03231E79-6E74-48EC-86A8-8B4AF303CD59}.Release|Any CPU.Build.0 = Release|Any CPU
	EndGlobalSection
	GlobalSection(SolutionProperties) = preSolution
		HideSolutionNode = FALSE
	EndGlobalSection
	GlobalSection(ExtensibilityGlobals) = postSolution
		SolutionGuid = {F74B79B0-9E44-49C3-851E-037284608115}
	EndGlobalSection
EndGlobal
